
Microsoft Visual Studio Solution File, Format Version 12.00
# Visual Studio Version 17
VisualStudioVersion = 17.0.32112.339
MinimumVisualStudioVersion = 10.0.40219.1
Project("{FAE04EC0-301F-11D3-BF4B-00C04F79EFBC}") = "SuperHero-API", "SuperHero-API\SuperHero-API.csproj", "{54447488-ABC5-4108-9C70-39733316B3AF}"
EndProject
Global
	GlobalSection(SolutionConfigurationPlatforms) = preSolution
		Debug|Any CPU = Debug|Any CPU
		Release|Any CPU = Release|Any CPU
	EndGlobalSection
	GlobalSection(ProjectConfigurationPlatforms) = postSolution
		{54447488-ABC5-4108-9C70-39733316B3AF}.Debug|Any CPU.ActiveCfg = Debug|Any CPU
		{54447488-ABC5-4108-9C70-39733316B3AF}.Debug|Any CPU.Build.0 = Debug|Any CPU
		{54447488-ABC5-4108-9C70-39733316B3AF}.Release|Any CPU.ActiveCfg = Release|Any CPU
		{54447488-ABC5-4108-9C70-39733316B3AF}.Release|Any CPU.Build.0 = Release|Any CPU
	EndGlobalSection
	GlobalSection(SolutionProperties) = preSolution
		HideSolutionNode = FALSE
	EndGlobalSection
	GlobalSection(ExtensibilityGlobals) = postSolution
		SolutionGuid = {D709E24A-74A9-44DB-B0F5-AB8EF07B69A9}
	EndGlobalSection
EndGlobal
